github.com/Azure/aks-middleware v0.0.23/go.mod h1:2IzK5LGjY11lebnKetg8g5NQaKg8X4u+e+uicKMLZ+4=
github.com/antihax/optional v1.0.0 h1:xK2lYat7ZLaVVcIuj82J8kIro4V6kDe0AUDFboUCwcg=
github.com/antihax/optional v1.0.0/go.mod h1:uupD/76wgC+ih3iEmQUL+0Ugr19nfwCT1kdvxnR2qWY=
github.com/google/go-cmp v0.6.0 h1:ofyhxvXcZhMsU5ulbFiLKl/XBFqE1GSq7atu8tAmTRI=
github.com/google/go-cmp v0.6.0/go.mod h1:17dUlkBOakJ0+DkrSSNjCkIjxS6bF9zb3elmeNGIjoY=
go.uber.org/mock v0.5.0 h1:KAMbZvZPyBPWgD14IrIQ38QCyjwpvVVV6K/bHl1IwQU=
go.uber.org/mock v0.5.0/go.mod h1:ge71pBPLYDk7QIi1LupWxdAykm7KIEFchiOqd6z7qMM=
golang.org/x/oauth2 v0.24.0 h1:KTBBxWqUa0ykRPLtV69rRto9TLXcqYkeswu48x/gvNE=
golang.org/x/oauth2 v0.24.0/go.mod h1:XYTD2NtWslqkgxebSiOHnXEap4TF09sJSc7H1sXbhtI=
google.golang.org/genproto v0.0.0-20241118233622-e639e219e697 h1:ToEetK57OidYuqD4Q5w+vfEnPvPpuTwedCNVohYJfNk=
google.golang.org/genproto v0.0.0-20241118233622-e639e219e697/go.mod h1:JJrvXBWRZaFMxBufik1a4RpFw4HhgVtBBWQeQgUj2cc=
google.golang.org/genproto v0.0.0-20241202173237-19429a94021a h1:4voejwOVTsjw6IMfnGt8IzTQBIw45hP8S0e77UMounA=
google.golang.org/genproto v0.0.0-20241202173237-19429a94021a/go.mod h1:dW27OyXi0Ph+N43jeCWMFC86aTT5VgdeQtOSf0Hehdw=
